Microsoft Visual Studio Solution File, Format Version 12.00
# Visual Studio Version 17
VisualStudioVersion = 17.0.31903.59
MinimumVisualStudioVersion = 10.0.40219.1
Project("{9A19103F-16F7-4668-BE54-9A1E7A4F7556F}") = "Player.App", "src\Player.App\Player.App.csproj", "{B51ADCBC-0553-4E88-AC6E-4E7F012BC3A6}"
EndProject
Project("{9A19103F-16F7-4668-BE54-9A1E7A4F7556F}") = "Player.App.Tests", "tests\Player.App.Tests\Player.App.Tests.csproj", "{A14C2225-593D-4D01-BBB8-11BF03567730}"
EndProject
Global
	GlobalSection(SolutionConfigurationPlatforms) = preSolution
		Debug|Any CPU = Debug|Any CPU
		Release|Any CPU = Release|Any CPU
	EndGlobalSection
	GlobalSection(ProjectConfigurationPlatforms) = postSolution
		{B51ADCBC-0553-4E88-AC6E-4E7F012BC3A6}.Debug|Any CPU.ActiveCfg = Debug|Any CPU
		{B51ADCBC-0553-4E88-AC6E-4E7F012BC3A6}.Debug|Any CPU.Build.0 = Debug|Any CPU
		{B51ADCBC-0553-4E88-AC6E-4E7F012BC3A6}.Release|Any CPU.ActiveCfg = Release|Any CPU
		{B51ADCBC-0553-4E88-AC6E-4E7F012BC3A6}.Release|Any CPU.Build.0 = Release|Any CPU
		{A14C2225-593D-4D01-BBB8-11BF03567730}.Debug|Any CPU.ActiveCfg = Debug|Any CPU
		{A14C2225-593D-4D01-BBB8-11BF03567730}.Debug|Any CPU.Build.0 = Debug|Any CPU
		{A14C2225-593D-4D01-BBB8-11BF03567730}.Release|Any CPU.ActiveCfg = Release|Any CPU
		{A14C2225-593D-4D01-BBB8-11BF03567730}.Release|Any CPU.Build.0 = Release|Any CPU
	EndGlobalSection
	GlobalSection(SolutionProperties) = preSolution
		HideSolutionNode = FALSE
	EndGlobalSection
EndGlobal
